// !$*UTF8*$!
{
	archiveVersion = 1;
	classes = {
	};
	objectVersion = 70;
	objects = {

/* Begin PBXBuildFile section */
		A1000001 /* FocusTrackerApp.swift in Sources */ = {isa = PBXBuildFile; fileRef = A1000000 /* FocusTrackerApp.swift */; };
		A1000003 /* ContentView.swift in Sources */ = {isa = PBXBuildFile; fileRef = A1000002 /* ContentView.swift */; };
		A1000005 /* Assets.xcassets in Resources */ = {isa = PBXBuildFile; fileRef = A1000004 /* Assets.xcassets */; };
		A1000008 /* Preview Assets.xcassets in Resources */ = {isa = PBXBuildFile; fileRef = A1000007 /* Preview Assets.xcassets */; };
		A1000012 /* FocusSession+CoreDataClass.swift in Sources */ = {isa = PBXBuildFile; fileRef = A1000011 /* FocusSession+CoreDataClass.swift */; };
		A1000014 /* UserSettings+CoreDataClass.swift in Sources */ = {isa = PBXBuildFile; fileRef = A1000013 /* UserSettings+CoreDataClass.swift */; };
		A1000018 /* FocusSession+CoreDataProperties.swift in Sources */ = {isa = PBXBuildFile; fileRef = A1000017 /* FocusSession+CoreDataProperties.swift */; };
		A1000020 /* UserSettings+CoreDataProperties.swift in Sources */ = {isa = PBXBuildFile; fileRef = A1000019 /* UserSettings+CoreDataProperties.swift */; };
		A2110CC32E3025E90066190A /* UsageMonitor.swift in Sources */ = {isa = PBXBuildFile; fileRef = A2110CC12E3025E90066190A /* UsageMonitor.swift */; };
		A2110CC42E3025E90066190A /* FocusManager.swift in Sources */ = {isa = PBXBuildFile; fileRef = A2110CC02E3025E90066190A /* FocusManager.swift */; };
		A2110CC82E302FA40066190A /* SettingsView.swift in Sources */ = {isa = PBXBuildFile; fileRef = A2110CC62E302FA40066190A /* SettingsView.swift */; };
		A2110CC92E302FA40066190A /* HomeView.swift in Sources */ = {isa = PBXBuildFile; fileRef = A2110CC52E302FA40066190A /* HomeView.swift */; };
		A2110CF02E309F020066190A /* FocusDataModel.xcdatamodeld in Sources */ = {isa = PBXBuildFile; fileRef = A2110CEE2E309F020066190A /* FocusDataModel.xcdatamodeld */; };
		A2110CFC2E30E8210066190A /* StatisticsView.swift in Sources */ = {isa = PBXBuildFile; fileRef = A2110CF92E30E8210066190A /* StatisticsView.swift */; };
		A2110CFD2E30E8210066190A /* TestView.swift in Sources */ = {isa = PBXBuildFile; fileRef = A2110CFA2E30E8210066190A /* TestView.swift */; };
		A2110D1C2E30ED740066190A /* PersistenceController.swift in Sources */ = {isa = PBXBuildFile; fileRef = A2110D1B2E30ED740066190A /* PersistenceController.swift */; };
		A2110D2C2E3202C10066190A /* NotificationDelegate.swift in Sources */ = {isa = PBXBuildFile; fileRef = A2110D292E3202C10066190A /* NotificationDelegate.swift */; };
		A2110D2D2E3202C10066190A /* NotificationManager.swift in Sources */ = {isa = PBXBuildFile; fileRef = A2110D2A2E3202C10066190A /* NotificationManager.swift */; };
		A2110D2E2E3202C10066190A /* NotificationManager+SmartNotifications.swift in Sources */ = {isa = PBXBuildFile; fileRef = A2110D2B2E3202C10066190A /* NotificationManager+SmartNotifications.swift */; };
		A2110D302E32727C0066190A /* NotificationDelegate.swift in Sources */ = {isa = PBXBuildFile; fileRef = A2110D2F2E32727C0066190A /* NotificationDelegate.swift */; };
		A2110D362E3281FF0066190A /* AppUsageSession+CoreDataProperties.swift in Sources */ = {isa = PBXBuildFile; fileRef = A2110D322E3281FF0066190A /* AppUsageSession+CoreDataProperties.swift */; };
		A2110D372E3281FF0066190A /* DataModelTest.swift in Sources */ = {isa = PBXBuildFile; fileRef = A2110D332E3281FF0066190A /* DataModelTest.swift */; };
		A2110D382E3281FF0066190A /* SceneTag+CoreDataClass.swift in Sources */ = {isa = PBXBuildFile; fileRef = A2110D342E3281FF0066190A /* SceneTag+CoreDataClass.swift */; };
		A2110D392E3281FF0066190A /* AppUsageSession+CoreDataClass.swift in Sources */ = {isa = PBXBuildFile; fileRef = A2110D312E3281FF0066190A /* AppUsageSession+CoreDataClass.swift */; };
		A2110D3A2E3281FF0066190A /* SceneTag+CoreDataProperties.swift in Sources */ = {isa = PBXBuildFile; fileRef = A2110D352E3281FF0066190A /* SceneTag+CoreDataProperties.swift */; };
		A2110D3C2E3285690066190A /* PermissionManager.swift in Sources */ = {isa = PBXBuildFile; fileRef = A2110D3B2E3285690066190A /* PermissionManager.swift */; };
		A2110D3E2E3287920066190A /* TagManager.swift in Sources */ = {isa = PBXBuildFile; fileRef = A2110D3D2E3287920066190A /* TagManager.swift */; };
		A2110D412E3288340066190A /* TagSelectorComponent.swift in Sources */ = {isa = PBXBuildFile; fileRef = A2110D3F2E3288340066190A /* TagSelectorComponent.swift */; };
		A2110D432E32883C0066190A /* TagSelectionView.swift in Sources */ = {isa = PBXBuildFile; fileRef = A2110D422E32883C0066190A /* TagSelectionView.swift */; };
		A2110D452E328AF10066190A /* TimeAnalysisManager.swift in Sources */ = {isa = PBXBuildFile; fileRef = A2110D442E328AF10066190A /* TimeAnalysisManager.swift */; };
/* End PBXBuildFile section */

/* Begin PBXContainerItemProxy section */
		A2110CD42E3036D60066190A /* PBXContainerItemProxy */ = {
			isa = PBXContainerItemProxy;
			containerPortal = A0FFFFF9 /* Project object */;
			proxyType = 1;
			remoteGlobalIDString = A0FFFFFD;
			remoteInfo = FocusTracker;
		};
		A2110D142E30EAFE0066190A /* PBXContainerItemProxy */ = {
			isa = PBXContainerItemProxy;
			containerPortal = A0FFFFF9 /* Project object */;
			proxyType = 1;
			remoteGlobalIDString = A0FFFFFD;
			remoteInfo = FocusTracker;
		};
/* End PBXContainerItemProxy section */

/* Begin PBXFileReference section */
		A0FFFFFE /* FocusTracker.app */ = {isa = PBXFileReference; explicitFileType = wrapper.application; includeInIndex = 0; path = FocusTracker.app; sourceTree = BUILT_PRODUCTS_DIR; };
		A1000000 /* FocusTrackerApp.swift */ = {isa = PBXFileReference; lastKnownFileType = sourcecode.swift; path = FocusTrackerApp.swift; sourceTree = "<group>"; };
		A1000002 /* ContentView.swift */ = {isa = PBXFileReference; lastKnownFileType = sourcecode.swift; path = ContentView.swift; sourceTree = "<group>"; };
		A1000004 /* Assets.xcassets */ = {isa = PBXFileReference; lastKnownFileType = folder.assetcatalog; path = Assets.xcassets; sourceTree = "<group>"; };
		A1000007 /* Preview Assets.xcassets */ = {isa = PBXFileReference; lastKnownFileType = folder.assetcatalog; path = "Preview Assets.xcassets"; sourceTree = "<group>"; };
		A1000011 /* FocusSession+CoreDataClass.swift */ = {isa = PBXFileReference; lastKnownFileType = sourcecode.swift; path = "FocusSession+CoreDataClass.swift"; sourceTree = "<group>"; };
		A1000013 /* UserSettings+CoreDataClass.swift */ = {isa = PBXFileReference; lastKnownFileType = sourcecode.swift; path = "UserSettings+CoreDataClass.swift"; sourceTree = "<group>"; };
		A1000017 /* FocusSession+CoreDataProperties.swift */ = {isa = PBXFileReference; lastKnownFileType = sourcecode.swift; path = "FocusSession+CoreDataProperties.swift"; sourceTree = "<group>"; };
		A1000019 /* UserSettings+CoreDataProperties.swift */ = {isa = PBXFileReference; lastKnownFileType = sourcecode.swift; path = "UserSettings+CoreDataProperties.swift"; sourceTree = "<group>"; };
		A2110CC02E3025E90066190A /* FocusManager.swift */ = {isa = PBXFileReference; lastKnownFileType = sourcecode.swift; path = FocusManager.swift; sourceTree = "<group>"; };
		A2110CC12E3025E90066190A /* UsageMonitor.swift */ = {isa = PBXFileReference; lastKnownFileType = sourcecode.swift; path = UsageMonitor.swift; sourceTree = "<group>"; };
		A2110CC52E302FA40066190A /* HomeView.swift */ = {isa = PBXFileReference; lastKnownFileType = sourcecode.swift; path = HomeView.swift; sourceTree = "<group>"; };
		A2110CC62E302FA40066190A /* SettingsView.swift */ = {isa = PBXFileReference; lastKnownFileType = sourcecode.swift; path = SettingsView.swift; sourceTree = "<group>"; };
		A2110CCE2E3036D60066190A /* FocusTrackerTests.xctest */ = {isa = PBXFileReference; explicitFileType = wrapper.cfbundle; includeInIndex = 0; path = FocusTrackerTests.xctest; sourceTree = BUILT_PRODUCTS_DIR; };
		A2110CEB2E3090F40066190A /* Info.plist */ = {isa = PBXFileReference; lastKnownFileType = text.plist.xml; path = Info.plist; sourceTree = "<group>"; };
		A2110CEF2E309F020066190A /* FocusDataModel.xcdatamodel */ = {isa = PBXFileReference; lastKnownFileType = wrapper.xcdatamodel; path = FocusDataModel.xcdatamodel; sourceTree = "<group>"; };
		A2110CF92E30E8210066190A /* StatisticsView.swift */ = {isa = PBXFileReference; lastKnownFileType = sourcecode.swift; path = StatisticsView.swift; sourceTree = "<group>"; };
		A2110CFA2E30E8210066190A /* TestView.swift */ = {isa = PBXFileReference; lastKnownFileType = sourcecode.swift; path = TestView.swift; sourceTree = "<group>"; };
		A2110D0E2E30EAFE0066190A /* FocusTrackerUITests.xctest */ = {isa = PBXFileReference; explicitFileType = wrapper.cfbundle; includeInIndex = 0; path = FocusTrackerUITests.xctest; sourceTree = BUILT_PRODUCTS_DIR; };
		A2110D1B2E30ED740066190A /* PersistenceController.swift */ = {isa = PBXFileReference; lastKnownFileType = sourcecode.swift; path = PersistenceController.swift; sourceTree = "<group>"; };
		A2110D292E3202C10066190A /* NotificationDelegate.swift */ = {isa = PBXFileReference; lastKnownFileType = sourcecode.swift; path = NotificationDelegate.swift; sourceTree = "<group>"; };
		A2110D2A2E3202C10066190A /* NotificationManager.swift */ = {isa = PBXFileReference; lastKnownFileType = sourcecode.swift; path = NotificationManager.swift; sourceTree = "<group>"; };
		A2110D2B2E3202C10066190A /* NotificationManager+SmartNotifications.swift */ = {isa = PBXFileReference; lastKnownFileType = sourcecode.swift; path = "NotificationManager+SmartNotifications.swift"; sourceTree = "<group>"; };
		A2110D2F2E32727C0066190A /* NotificationDelegate.swift */ = {isa = PBXFileReference; lastKnownFileType = sourcecode.swift; path = NotificationDelegate.swift; sourceTree = "<group>"; };
		A2110D312E3281FF0066190A /* AppUsageSession+CoreDataClass.swift */ = {isa = PBXFileReference; lastKnownFileType = sourcecode.swift; path = "AppUsageSession+CoreDataClass.swift"; sourceTree = "<group>"; };
		A2110D322E3281FF0066190A /* AppUsageSession+CoreDataProperties.swift */ = {isa = PBXFileReference; lastKnownFileType = sourcecode.swift; path = "AppUsageSession+CoreDataProperties.swift"; sourceTree = "<group>"; };
		A2110D332E3281FF0066190A /* DataModelTest.swift */ = {isa = PBXFileReference; lastKnownFileType = sourcecode.swift; path = DataModelTest.swift; sourceTree = "<group>"; };
		A2110D342E3281FF0066190A /* SceneTag+CoreDataClass.swift */ = {isa = PBXFileReference; lastKnownFileType = sourcecode.swift; path = "SceneTag+CoreDataClass.swift"; sourceTree = "<group>"; };
		A2110D352E3281FF0066190A /* SceneTag+CoreDataProperties.swift */ = {isa = PBXFileReference; lastKnownFileType = sourcecode.swift; path = "SceneTag+CoreDataProperties.swift"; sourceTree = "<group>"; };
		A2110D3B2E3285690066190A /* PermissionManager.swift */ = {isa = PBXFileReference; lastKnownFileType = sourcecode.swift; path = PermissionManager.swift; sourceTree = "<group>"; };
		A2110D3D2E3287920066190A /* TagManager.swift */ = {isa = PBXFileReference; lastKnownFileType = sourcecode.swift; path = TagManager.swift; sourceTree = "<group>"; };
		A2110D3F2E3288340066190A /* TagSelectorComponent.swift */ = {isa = PBXFileReference; lastKnownFileType = sourcecode.swift; path = TagSelectorComponent.swift; sourceTree = "<group>"; };
		A2110D422E32883C0066190A /* TagSelectionView.swift */ = {isa = PBXFileReference; lastKnownFileType = sourcecode.swift; path = TagSelectionView.swift; sourceTree = "<group>"; };
		A2110D442E328AF10066190A /* TimeAnalysisManager.swift */ = {isa = PBXFileReference; lastKnownFileType = sourcecode.swift; path = TimeAnalysisManager.swift; sourceTree = "<group>"; };
/* End PBXFileReference section */

/* Begin PBXFileSystemSynchronizedRootGroup section */
		A2110CCF2E3036D60066190A /* FocusTrackerTests */ = {isa = PBXFileSystemSynchronizedRootGroup; explicitFileTypes = {}; explicitFolders = (); path = FocusTrackerTests; sourceTree = "<group>"; };
		A2110D0F2E30EAFE0066190A /* FocusTrackerUITests */ = {isa = PBXFileSystemSynchronizedRootGroup; explicitFileTypes = {}; explicitFolders = (); path = FocusTrackerUITests; sourceTree = "<group>"; };
/* End PBXFileSystemSynchronizedRootGroup section */

/* Begin PBXFrameworksBuildPhase section */
		A0FFFFFC /* Frameworks */ = {
			isa = PBXFrameworksBuildPhase;
			buildActionMask = 2147483647;
			files = (
			);
			runOnlyForDeploymentPostprocessing = 0;
		};
		A2110CCB2E3036D60066190A /* Frameworks */ = {
			isa = PBXFrameworksBuildPhase;
			buildActionMask = 2147483647;
			files = (
			);
			runOnlyForDeploymentPostprocessing = 0;
		};
		A2110D0B2E30EAFE0066190A /* Frameworks */ = {
			isa = PBXFrameworksBuildPhase;
			buildActionMask = 2147483647;
			files = (
			);
			runOnlyForDeploymentPostprocessing = 0;
		};
/* End PBXFrameworksBuildPhase section */

/* Begin PBXGroup section */
		A0FFFFF8 = {
			isa = PBXGroup;
			children = (
				A1000016 /* FocusTracker */,
				A2110CCF2E3036D60066190A /* FocusTrackerTests */,
				A2110D0F2E30EAFE0066190A /* FocusTrackerUITests */,
				A0FFFFFF /* Products */,
			);
			sourceTree = "<group>";
		};
		A0FFFFFF /* Products */ = {
			isa = PBXGroup;
			children = (
				A0FFFFFE /* FocusTracker.app */,
				A2110CCE2E3036D60066190A /* FocusTrackerTests.xctest */,
				A2110D0E2E30EAFE0066190A /* FocusTrackerUITests.xctest */,
			);
			name = Products;
			sourceTree = "<group>";
		};
		A1000006 /* Preview Content */ = {
			isa = PBXGroup;
			children = (
				A1000007 /* Preview Assets.xcassets */,
			);
			path = "Preview Content";
			sourceTree = "<group>";
		};
		A1000015 /* Models */ = {
			isa = PBXGroup;
			children = (
				A2110D312E3281FF0066190A /* AppUsageSession+CoreDataClass.swift */,
				A2110D322E3281FF0066190A /* AppUsageSession+CoreDataProperties.swift */,
				A2110D332E3281FF0066190A /* DataModelTest.swift */,
				A2110D342E3281FF0066190A /* SceneTag+CoreDataClass.swift */,
				A2110D352E3281FF0066190A /* SceneTag+CoreDataProperties.swift */,
				A1000011 /* FocusSession+CoreDataClass.swift */,
				A1000017 /* FocusSession+CoreDataProperties.swift */,
				A1000013 /* UserSettings+CoreDataClass.swift */,
				A1000019 /* UserSettings+CoreDataProperties.swift */,
			);
			path = Models;
			sourceTree = "<group>";
		};
		A1000016 /* FocusTracker */ = {
			isa = PBXGroup;
			children = (
				A2110CEE2E309F020066190A /* FocusDataModel.xcdatamodeld */,
				A2110CEB2E3090F40066190A /* Info.plist */,
				A2110CC72E302FA40066190A /* Views */,
				A2110CC22E3025E90066190A /* Services */,
				A1000000 /* FocusTrackerApp.swift */,
				A1000002 /* ContentView.swift */,
				A1000015 /* Models */,
				A1000004 /* Assets.xcassets */,
				A1000006 /* Preview Content */,
			);
			path = FocusTracker;
			sourceTree = "<group>";
		};
		A2110CC22E3025E90066190A /* Services */ = {
			isa = PBXGroup;
			children = (
				A2110D442E328AF10066190A /* TimeAnalysisManager.swift */,
				A2110D3D2E3287920066190A /* TagManager.swift */,
				A2110D3B2E3285690066190A /* PermissionManager.swift */,
				A2110D2F2E32727C0066190A /* NotificationDelegate.swift */,
				A2110D292E3202C10066190A /* NotificationDelegate.swift */,
				A2110D2A2E3202C10066190A /* NotificationManager.swift */,
				A2110D2B2E3202C10066190A /* NotificationManager+SmartNotifications.swift */,
				A2110D1B2E30ED740066190A /* PersistenceController.swift */,
				A2110CC02E3025E90066190A /* FocusManager.swift */,
				A2110CC12E3025E90066190A /* UsageMonitor.swift */,
			);
			path = Services;
			sourceTree = "<group>";
		};
		A2110CC72E302FA40066190A /* Views */ = {
			isa = PBXGroup;
			children = (
				A2110D422E32883C0066190A /* TagSelectionView.swift */,
				A2110D402E3288340066190A /* Components */,
				A2110CF92E30E8210066190A /* StatisticsView.swift */,
				A2110CFA2E30E8210066190A /* TestView.swift */,
				A2110CC52E302FA40066190A /* HomeView.swift */,
				A2110CC62E302FA40066190A /* SettingsView.swift */,
			);
			path = Views;
			sourceTree = "<group>";
		};
		A2110D402E3288340066190A /* Components */ = {
			isa = PBXGroup;
			children = (
				A2110D3F2E3288340066190A /* TagSelectorComponent.swift */,
			);
			path = Components;
			sourceTree = "<group>";
		};
/* End PBXGroup section */

/* Begin PBXNativeTarget section */
		A0FFFFFD /* FocusTracker */ = {
			isa = PBXNativeTarget;
			buildConfigurationList = A100000B /* Build configuration list for PBXNativeTarget "FocusTracker" */;
			buildPhases = (
				A0FFFFFA /* Sources */,
				A0FFFFFC /* Frameworks */,
				A0FFFFFB /* Resources */,
			);
			buildRules = (
			);
			dependencies = (
			);
			name = FocusTracker;
			productName = FocusTracker;
			productReference = A0FFFFFE /* FocusTracker.app */;
			productType = "com.apple.product-type.application";
		};
		A2110CCD2E3036D60066190A /* FocusTrackerTests */ = {
			isa = PBXNativeTarget;
			buildConfigurationList = A2110CD82E3036D60066190A /* Build configuration list for PBXNativeTarget "FocusTrackerTests" */;
			buildPhases = (
				A2110CCA2E3036D60066190A /* Sources */,
				A2110CCB2E3036D60066190A /* Frameworks */,
				A2110CCC2E3036D60066190A /* Resources */,
			);
			buildRules = (
			);
			dependencies = (
				A2110CD52E3036D60066190A /* PBXTargetDependency */,
			);
			fileSystemSynchronizedGroups = (
				A2110CCF2E3036D60066190A /* FocusTrackerTests */,
			);
			name = FocusTrackerTests;
			packageProductDependencies = (
			);
			productName = FocusTrackerTests;
			productReference = A2110CCE2E3036D60066190A /* FocusTrackerTests.xctest */;
			productType = "com.apple.product-type.bundle.ui-testing";
		};
		A2110D0D2E30EAFE0066190A /* FocusTrackerUITests */ = {
			isa = PBXNativeTarget;
			buildConfigurationList = A2110D162E30EAFE0066190A /* Build configuration list for PBXNativeTarget "FocusTrackerUITests" */;
			buildPhases = (
				A2110D0A2E30EAFE0066190A /* Sources */,
				A2110D0B2E30EAFE0066190A /* Frameworks */,
				A2110D0C2E30EAFE0066190A /* Resources */,
			);
			buildRules = (
			);
			dependencies = (
				A2110D152E30EAFE0066190A /* PBXTargetDependency */,
			);
			fileSystemSynchronizedGroups = (
				A2110D0F2E30EAFE0066190A /* FocusTrackerUITests */,
			);
			name = FocusTrackerUITests;
			packageProductDependencies = (
			);
			productName = FocusTrackerUITests;
			productReference = A2110D0E2E30EAFE0066190A /* FocusTrackerUITests.xctest */;
			productType = "com.apple.product-type.bundle.ui-testing";
		};
/* End PBXNativeTarget section */

/* Begin PBXProject section */
		A0FFFFF9 /* Project object */ = {
			isa = PBXProject;
			attributes = {
				BuildIndependentTargetsInParallel = 1;
				LastSwiftUpdateCheck = 1640;
				LastUpgradeCheck = 1500;
				TargetAttributes = {
					A0FFFFFD = {
						CreatedOnToolsVersion = 15.0;
					};
					A2110CCD2E3036D60066190A = {
						CreatedOnToolsVersion = 16.4;
						TestTargetID = A0FFFFFD;
					};
					A2110D0D2E30EAFE0066190A = {
						CreatedOnToolsVersion = 16.4;
						TestTargetID = A0FFFFFD;
					};
				};
			};
			buildConfigurationList = A1000021 /* Build configuration list for PBXProject "FocusTracker" */;
			compatibilityVersion = "Xcode 14.0";
			developmentRegion = en;
			hasScannedForEncodings = 0;
			knownRegions = (
				en,
				Base,
			);
			mainGroup = A0FFFFF8;
			productRefGroup = A0FFFFFF /* Products */;
			projectDirPath = "";
			projectRoot = "";
			targets = (
				A0FFFFFD /* FocusTracker */,
				A2110CCD2E3036D60066190A /* FocusTrackerTests */,
				A2110D0D2E30EAFE0066190A /* FocusTrackerUITests */,
			);
		};
/* End PBXProject section */

/* Begin PBXResourcesBuildPhase section */
		A0FFFFFB /* Resources */ = {
			isa = PBXResourcesBuildPhase;
			buildActionMask = 2147483647;
			files = (
				A1000008 /* Preview Assets.xcassets in Resources */,
				A1000005 /* Assets.xcassets in Resources */,
			);
			runOnlyForDeploymentPostprocessing = 0;
		};
		A2110CCC2E3036D60066190A /* Resources */ = {
			isa = PBXResourcesBuildPhase;
			buildActionMask = 2147483647;
			files = (
			);
			runOnlyForDeploymentPostprocessing = 0;
		};
		A2110D0C2E30EAFE0066190A /* Resources */ = {
			isa = PBXResourcesBuildPhase;
			buildActionMask = 2147483647;
			files = (
			);
			runOnlyForDeploymentPostprocessing = 0;
		};
/* End PBXResourcesBuildPhase section */

/* Begin PBXSourcesBuildPhase section */
		A0FFFFFA /* Sources */ = {
			isa = PBXSourcesBuildPhase;
			buildActionMask = 2147483647;
			files = (
				A1000012 /* FocusSession+CoreDataClass.swift in Sources */,
				A2110D2C2E3202C10066190A /* NotificationDelegate.swift in Sources */,
				A2110D452E328AF10066190A /* TimeAnalysisManager.swift in Sources */,
				A2110D3E2E3287920066190A /* TagManager.swift in Sources */,
				A2110D2D2E3202C10066190A /* NotificationManager.swift in Sources */,
				A2110D302E32727C0066190A /* NotificationDelegate.swift in Sources */,
				A2110D2E2E3202C10066190A /* NotificationManager+SmartNotifications.swift in Sources */,
				A2110CFC2E30E8210066190A /* StatisticsView.swift in Sources */,
				A2110D412E3288340066190A /* TagSelectorComponent.swift in Sources */,
				A2110CFD2E30E8210066190A /* TestView.swift in Sources */,
				A2110CC32E3025E90066190A /* UsageMonitor.swift in Sources */,
				A2110CC42E3025E90066190A /* FocusManager.swift in Sources */,
				A1000018 /* FocusSession+CoreDataProperties.swift in Sources */,
				A1000014 /* UserSettings+CoreDataClass.swift in Sources */,
				A2110CF02E309F020066190A /* FocusDataModel.xcdatamodeld in Sources */,
				A2110D362E3281FF0066190A /* AppUsageSession+CoreDataProperties.swift in Sources */,
				A2110D372E3281FF0066190A /* DataModelTest.swift in Sources */,
				A2110D3C2E3285690066190A /* PermissionManager.swift in Sources */,
				A2110D382E3281FF0066190A /* SceneTag+CoreDataClass.swift in Sources */,
				A2110D392E3281FF0066190A /* AppUsageSession+CoreDataClass.swift in Sources */,
				A2110D3A2E3281FF0066190A /* SceneTag+CoreDataProperties.swift in Sources */,
				A2110D1C2E30ED740066190A /* PersistenceController.swift in Sources */,
				A1000020 /* UserSettings+CoreDataProperties.swift in Sources */,
				A1000003 /* ContentView.swift in Sources */,
				A2110CC82E302FA40066190A /* SettingsView.swift in Sources */,
				A2110CC92E302FA40066190A /* HomeView.swift in Sources */,
				A2110D432E32883C0066190A /* TagSelectionView.swift in Sources */,
				A1000001 /* FocusTrackerApp.swift in Sources */,
			);
			runOnlyForDeploymentPostprocessing = 0;
		};
		A2110CCA2E3036D60066190A /* Sources */ = {
			isa = PBXSourcesBuildPhase;
			buildActionMask = 2147483647;
			files = (
			);
			runOnlyForDeploymentPostprocessing = 0;
		};
		A2110D0A2E30EAFE0066190A /* Sources */ = {
			isa = PBXSourcesBuildPhase;
			buildActionMask = 2147483647;
			files = (
			);
			runOnlyForDeploymentPostprocessing = 0;
		};
/* End PBXSourcesBuildPhase section */

/* Begin PBXTargetDependency section */
		A2110CD52E3036D60066190A /* PBXTargetDependency */ = {
			isa = PBXTargetDependency;
			target = A0FFFFFD /* FocusTracker */;
			targetProxy = A2110CD42E3036D60066190A /* PBXContainerItemProxy */;
		};
		A2110D152E30EAFE0066190A /* PBXTargetDependency */ = {
			isa = PBXTargetDependency;
			target = A0FFFFFD /* FocusTracker */;
			targetProxy = A2110D142E30EAFE0066190A /* PBXContainerItemProxy */;
		};
/* End PBXTargetDependency section */

/* Begin XCBuildConfiguration section */
		A1000009 /* Debug */ = {
			isa = XCBuildConfiguration;
			buildSettings = {
				ALWAYS_SEARCH_USER_PATHS = NO;
				ASSETCATALOG_COMPILER_GENERATE_SWIFT_ASSET_SYMBOL_EXTENSIONS = YES;
				CLANG_ANALYZER_NONNULL = YES;
				CLANG_ANALYZER_NUMBER_OBJECT_CONVERSION = YES_AGGRESSIVE;
				CLANG_CXX_LANGUAGE_STANDARD = "gnu++20";
				CLANG_ENABLE_MODULES = YES;
				CLANG_ENABLE_OBJC_ARC = YES;
				CLANG_ENABLE_OBJC_WEAK = YES;
				CLANG_WARN_BLOCK_CAPTURE_AUTORELEASING = YES;
				CLANG_WARN_BOOL_CONVERSION = YES;
				CLANG_WARN_COMMA = YES;
				CLANG_WARN_CONSTANT_CONVERSION = YES;
				CLANG_WARN_DEPRECATED_OBJC_IMPLEMENTATIONS = YES;
				CLANG_WARN_DIRECT_OBJC_ISA_USAGE = YES_ERROR;
				CLANG_WARN_DOCUMENTATION_COMMENTS = YES;
				CLANG_WARN_EMPTY_BODY = YES;
				CLANG_WARN_ENUM_CONVERSION = YES;
				CLANG_WARN_INFINITE_RECURSION = YES;
				CLANG_WARN_INT_CONVERSION = YES;
				CLANG_WARN_NON_LITERAL_NULL_CONVERSION = YES;
				CLANG_WARN_OBJC_IMPLICIT_RETAIN_SELF = YES;
				CLANG_WARN_OBJC_LITERAL_CONVERSION = YES;
				CLANG_WARN_OBJC_ROOT_CLASS = YES_ERROR;
				CLANG_WARN_QUOTED_INCLUDE_IN_FRAMEWORK_HEADER = YES;
				CLANG_WARN_RANGE_LOOP_ANALYSIS = YES;
				CLANG_WARN_STRICT_PROTOTYPES = YES;
				CLANG_WARN_SUSPICIOUS_MOVE = YES;
				CLANG_WARN_UNGUARDED_AVAILABILITY = YES_AGGRESSIVE;
				CLANG_WARN_UNREACHABLE_CODE = YES;
				CLANG_WARN__DUPLICATE_METHOD_MATCH = YES;
				COPY_PHASE_STRIP = NO;
				DEBUG_INFORMATION_FORMAT = dwarf;
				ENABLE_STRICT_OBJC_MSGSEND = YES;
				ENABLE_TESTABILITY = YES;
				ENABLE_USER_SCRIPT_SANDBOXING = YES;
				GCC_C_LANGUAGE_STANDARD = gnu17;
				GCC_DYNAMIC_NO_PIC = NO;
				GCC_NO_COMMON_BLOCKS = YES;
				GCC_OPTIMIZATION_LEVEL = 0;
				GCC_PREPROCESSOR_DEFINITIONS = (
					"DEBUG=1",
					"$(inherited)",
				);
				GCC_WARN_64_TO_32_BIT_CONVERSION = YES;
				GCC_WARN_ABOUT_RETURN_TYPE = YES_ERROR;
				GCC_WARN_UNDECLARED_SELECTOR = YES;
				GCC_WARN_UNINITIALIZED_AUTOS = YES_AGGRESSIVE;
				GCC_WARN_UNUSED_FUNCTION = YES;
				GCC_WARN_UNUSED_VARIABLE = YES;
				IPHONEOS_DEPLOYMENT_TARGET = 15.0;
				LOCALIZATION_PREFERS_STRING_CATALOGS = YES;
				MTL_ENABLE_DEBUG_INFO = INCLUDE_SOURCE;
				MTL_FAST_MATH = YES;
				ONLY_ACTIVE_ARCH = YES;
				SDKROOT = iphoneos;
				SWIFT_ACTIVE_COMPILATION_CONDITIONS = "DEBUG $(inherited)";
				SWIFT_OPTIMIZATION_LEVEL = "-Onone";
			};
			name = Debug;
		};
		A100000A /* Release */ = {
			isa = XCBuildConfiguration;
			buildSettings = {
				ALWAYS_SEARCH_USER_PATHS = NO;
				ASSETCATALOG_COMPILER_GENERATE_SWIFT_ASSET_SYMBOL_EXTENSIONS = YES;
				CLANG_ANALYZER_NONNULL = YES;
				CLANG_ANALYZER_NUMBER_OBJECT_CONVERSION = YES_AGGRESSIVE;
				CLANG_CXX_LANGUAGE_STANDARD = "gnu++20";
				CLANG_ENABLE_MODULES = YES;
				CLANG_ENABLE_OBJC_ARC = YES;
				CLANG_ENABLE_OBJC_WEAK = YES;
				CLANG_WARN_BLOCK_CAPTURE_AUTORELEASING = YES;
				CLANG_WARN_BOOL_CONVERSION = YES;
				CLANG_WARN_COMMA = YES;
				CLANG_WARN_CONSTANT_CONVERSION = YES;
				CLANG_WARN_DEPRECATED_OBJC_IMPLEMENTATIONS = YES;
				CLANG_WARN_DIRECT_OBJC_ISA_USAGE = YES_ERROR;
				CLANG_WARN_DOCUMENTATION_COMMENTS = YES;
				CLANG_WARN_EMPTY_BODY = YES;
				CLANG_WARN_ENUM_CONVERSION = YES;
				CLANG_WARN_INFINITE_RECURSION = YES;
				CLANG_WARN_INT_CONVERSION = YES;
				CLANG_WARN_NON_LITERAL_NULL_CONVERSION = YES;
				CLANG_WARN_OBJC_IMPLICIT_RETAIN_SELF = YES;
				CLANG_WARN_OBJC_LITERAL_CONVERSION = YES;
				CLANG_WARN_OBJC_ROOT_CLASS = YES_ERROR;
				CLANG_WARN_QUOTED_INCLUDE_IN_FRAMEWORK_HEADER = YES;
				CLANG_WARN_RANGE_LOOP_ANALYSIS = YES;
				CLANG_WARN_STRICT_PROTOTYPES = YES;
				CLANG_WARN_SUSPICIOUS_MOVE = YES;
				CLANG_WARN_UNGUARDED_AVAILABILITY = YES_AGGRESSIVE;
				CLANG_WARN_UNREACHABLE_CODE = YES;
				CLANG_WARN__DUPLICATE_METHOD_MATCH = YES;
				COPY_PHASE_STRIP = NO;
				DEBUG_INFORMATION_FORMAT = "dwarf-with-dsym";
				ENABLE_NS_ASSERTIONS = NO;
				ENABLE_STRICT_OBJC_MSGSEND = YES;
				ENABLE_USER_SCRIPT_SANDBOXING = YES;
				GCC_C_LANGUAGE_STANDARD = gnu17;
				GCC_NO_COMMON_BLOCKS = YES;
				GCC_WARN_64_TO_32_BIT_CONVERSION = YES;
				GCC_WARN_ABOUT_RETURN_TYPE = YES_ERROR;
				GCC_WARN_UNDECLARED_SELECTOR = YES;
				GCC_WARN_UNINITIALIZED_AUTOS = YES_AGGRESSIVE;
				GCC_WARN_UNUSED_FUNCTION = YES;
				GCC_WARN_UNUSED_VARIABLE = YES;
				IPHONEOS_DEPLOYMENT_TARGET = 15.0;
				LOCALIZATION_PREFERS_STRING_CATALOGS = YES;
				MTL_ENABLE_DEBUG_INFO = NO;
				MTL_FAST_MATH = YES;
				SDKROOT = iphoneos;
				SWIFT_COMPILATION_MODE = wholemodule;
				VALIDATE_PRODUCT = YES;
			};
			name = Release;
		};
		A100000C /* Debug */ = {
			isa = XCBuildConfiguration;
			buildSettings = {
				ASSETCATALOG_COMPILER_APPICON_NAME = AppIcon;
				ASSETCATALOG_COMPILER_GLOBAL_ACCENT_COLOR_NAME = AccentColor;
				CODE_SIGN_STYLE = Automatic;
				CURRENT_PROJECT_VERSION = 1;
				DEVELOPMENT_ASSET_PATHS = "\"FocusTracker/Preview Content\"";
				DEVELOPMENT_TEAM = TB2LUZ268W;
				ENABLE_PREVIEWS = YES;
				GENERATE_INFOPLIST_FILE = YES;
				INFOPLIST_FILE = FocusTracker/Info.plist;
				INFOPLIST_KEY_UIApplicationSceneManifest_Generation = YES;
				INFOPLIST_KEY_UIApplicationSupportsIndirectInputEvents = YES;
				INFOPLIST_KEY_UILaunchScreen_Generation = YES;
				INFOPLIST_KEY_UISupportedInterfaceOrientations_iPad = "UIInterfaceOrientationPortrait UIInterfaceOrientationPortraitUpsideDown UIInterfaceOrientationLandscapeLeft UIInterfaceOrientationLandscapeRight";
				INFOPLIST_KEY_UISupportedInterfaceOrientations_iPhone = "UIInterfaceOrientationPortrait UIInterfaceOrientationLandscapeLeft UIInterfaceOrientationLandscapeRight";
				LD_RUNPATH_SEARCH_PATHS = (
					"$(inherited)",
					"@executable_path/Frameworks",
				);
				MARKETING_VERSION = 1.0;
				PRODUCT_BUNDLE_IDENTIFIER = com.focustracker.app;
				PRODUCT_NAME = "$(TARGET_NAME)";
				SWIFT_EMIT_LOC_STRINGS = YES;
				SWIFT_VERSION = 5.0;
				TARGETED_DEVICE_FAMILY = "1,2";
			};
			name = Debug;
		};
		A100000D /* Release */ = {
			isa = XCBuildConfiguration;
			buildSettings = {
				ASSETCATALOG_COMPILER_APPICON_NAME = AppIcon;
				ASSETCATALOG_COMPILER_GLOBAL_ACCENT_COLOR_NAME = AccentColor;
				CODE_SIGN_STYLE = Automatic;
				CURRENT_PROJECT_VERSION = 1;
				DEVELOPMENT_ASSET_PATHS = "\"FocusTracker/Preview Content\"";
				DEVELOPMENT_TEAM = TB2LUZ268W;
				ENABLE_PREVIEWS = YES;
				GENERATE_INFOPLIST_FILE = YES;
				INFOPLIST_FILE = FocusTracker/Info.plist;
				INFOPLIST_KEY_UIApplicationSceneManifest_Generation = YES;
				INFOPLIST_KEY_UIApplicationSupportsIndirectInputEvents = YES;
				INFOPLIST_KEY_UILaunchScreen_Generation = YES;
				INFOPLIST_KEY_UISupportedInterfaceOrientations_iPad = "UIInterfaceOrientationPortrait UIInterfaceOrientationPortraitUpsideDown UIInterfaceOrientationLandscapeLeft UIInterfaceOrientationLandscapeRight";
				INFOPLIST_KEY_UISupportedInterfaceOrientations_iPhone = "UIInterfaceOrientationPortrait UIInterfaceOrientationLandscapeLeft UIInterfaceOrientationLandscapeRight";
				LD_RUNPATH_SEARCH_PATHS = (
					"$(inherited)",
					"@executable_path/Frameworks",
				);
				MARKETING_VERSION = 1.0;
				PRODUCT_BUNDLE_IDENTIFIER = com.focustracker.app;
				PRODUCT_NAME = "$(TARGET_NAME)";
				SWIFT_EMIT_LOC_STRINGS = YES;
				SWIFT_VERSION = 5.0;
				TARGETED_DEVICE_FAMILY = "1,2";
			};
			name = Release;
		};
		A2110CD62E3036D60066190A /* Debug */ = {
			isa = XCBuildConfiguration;
			buildSettings = {
				CODE_SIGN_STYLE = Automatic;
				CURRENT_PROJECT_VERSION = 1;
				DEVELOPMENT_TEAM = TB2LUZ268W;
				GENERATE_INFOPLIST_FILE = YES;
				IPHONEOS_DEPLOYMENT_TARGET = 18.5;
				MARKETING_VERSION = 1.0;
				PRODUCT_BUNDLE_IDENTIFIER = com.kaikxiao.apps.FocusTrackerTests;
				PRODUCT_NAME = "$(TARGET_NAME)";
				SWIFT_EMIT_LOC_STRINGS = NO;
				SWIFT_VERSION = 5.0;
				TARGETED_DEVICE_FAMILY = "1,2";
				TEST_TARGET_NAME = FocusTracker;
			};
			name = Debug;
		};
		A2110CD72E3036D60066190A /* Release */ = {
			isa = XCBuildConfiguration;
			buildSettings = {
				CODE_SIGN_STYLE = Automatic;
				CURRENT_PROJECT_VERSION = 1;
				DEVELOPMENT_TEAM = TB2LUZ268W;
				GENERATE_INFOPLIST_FILE = YES;
				IPHONEOS_DEPLOYMENT_TARGET = 18.5;
				MARKETING_VERSION = 1.0;
				PRODUCT_BUNDLE_IDENTIFIER = com.kaikxiao.apps.FocusTrackerTests;
				PRODUCT_NAME = "$(TARGET_NAME)";
				SWIFT_EMIT_LOC_STRINGS = NO;
				SWIFT_VERSION = 5.0;
				TARGETED_DEVICE_FAMILY = "1,2";
				TEST_TARGET_NAME = FocusTracker;
			};
			name = Release;
		};
		A2110D172E30EAFE0066190A /* Debug */ = {
			isa = XCBuildConfiguration;
			buildSettings = {
				CODE_SIGN_STYLE = Automatic;
				CURRENT_PROJECT_VERSION = 1;
				DEVELOPMENT_TEAM = TB2LUZ268W;
				GENERATE_INFOPLIST_FILE = YES;
				IPHONEOS_DEPLOYMENT_TARGET = 18.5;
				MARKETING_VERSION = 1.0;
				PRODUCT_BUNDLE_IDENTIFIER = com.kaikxiao.apps.FocusTrackerUITests;
				PRODUCT_NAME = "$(TARGET_NAME)";
				SWIFT_EMIT_LOC_STRINGS = NO;
				SWIFT_VERSION = 5.0;
				TARGETED_DEVICE_FAMILY = "1,2";
				TEST_TARGET_NAME = FocusTracker;
			};
			name = Debug;
		};
		A2110D182E30EAFE0066190A /* Release */ = {
			isa = XCBuildConfiguration;
			buildSettings = {
				CODE_SIGN_STYLE = Automatic;
				CURRENT_PROJECT_VERSION = 1;
				DEVELOPMENT_TEAM = TB2LUZ268W;
				GENERATE_INFOPLIST_FILE = YES;
				IPHONEOS_DEPLOYMENT_TARGET = 18.5;
				MARKETING_VERSION = 1.0;
				PRODUCT_BUNDLE_IDENTIFIER = com.kaikxiao.apps.FocusTrackerUITests;
				PRODUCT_NAME = "$(TARGET_NAME)";
				SWIFT_EMIT_LOC_STRINGS = NO;
				SWIFT_VERSION = 5.0;
				TARGETED_DEVICE_FAMILY = "1,2";
				TEST_TARGET_NAME = FocusTracker;
			};
			name = Release;
		};
/* End XCBuildConfiguration section */

/* Begin XCConfigurationList section */
		A100000B /* Build configuration list for PBXNativeTarget "FocusTracker" */ = {
			isa = XCConfigurationList;
			buildConfigurations = (
				A100000C /* Debug */,
				A100000D /* Release */,
			);
			defaultConfigurationIsVisible = 0;
			defaultConfigurationName = Release;
		};
		A1000021 /* Build configuration list for PBXProject "FocusTracker" */ = {
			isa = XCConfigurationList;
			buildConfigurations = (
				A1000009 /* Debug */,
				A100000A /* Release */,
			);
			defaultConfigurationIsVisible = 0;
			defaultConfigurationName = Release;
		};
		A2110CD82E3036D60066190A /* Build configuration list for PBXNativeTarget "FocusTrackerTests" */ = {
			isa = XCConfigurationList;
			buildConfigurations = (
				A2110CD62E3036D60066190A /* Debug */,
				A2110CD72E3036D60066190A /* Release */,
			);
			defaultConfigurationIsVisible = 0;
			defaultConfigurationName = Release;
		};
		A2110D162E30EAFE0066190A /* Build configuration list for PBXNativeTarget "FocusTrackerUITests" */ = {
			isa = XCConfigurationList;
			buildConfigurations = (
				A2110D172E30EAFE0066190A /* Debug */,
				A2110D182E30EAFE0066190A /* Release */,
			);
			defaultConfigurationIsVisible = 0;
			defaultConfigurationName = Release;
		};
/* End XCConfigurationList section */

/* Begin XCVersionGroup section */
		A2110CEE2E309F020066190A /* FocusDataModel.xcdatamodeld */ = {
			isa = XCVersionGroup;
			children = (
				A2110CEF2E309F020066190A /* FocusDataModel.xcdatamodel */,
			);
			currentVersion = A2110CEF2E309F020066190A /* FocusDataModel.xcdatamodel */;
			path = FocusDataModel.xcdatamodeld;
			sourceTree = "<group>";
			versionGroupType = wrapper.xcdatamodel;
		};
/* End XCVersionGroup section */
	};
	rootObject = A0FFFFF9 /* Project object */;
}
